
Microsoft Visual Studio Solution File, Format Version 12.00
# Visual Studio Version 16
VisualStudioVersion = 16.0.29403.142
MinimumVisualStudioVersion = 10.0.40219.1
Project("{9A19103F-16F7-4668-BE54-9A1E7A4F7556}") = "Retrospective.Service", "Retrospective.Service\Retrospective.Service.csproj", "{1B9C9F86-50CD-4BD6-92EB-E75DA066B793}"
EndProject
Project("{2150E333-8FDC-42A3-9474-1A3956D46DE8}") = "Tests", "Tests", "{99982D33-58FA-40D3-B137-658AA96CBF7F}"
EndProject
Project("{9A19103F-16F7-4668-BE54-9A1E7A4F7556}") = "Retrospective.Service.Tests", "Retrospective.Service.Tests\Retrospective.Service.Tests.csproj", "{82315CEA-00A1-491D-92AC-0B3A6E82A4DC}"
EndProject
Project("{2150E333-8FDC-42A3-9474-1A3956D46DE8}") = "Clients", "Clients", "{920587CD-5671-41A2-8FF5-8F565436EC1C}"
EndProject
Project("{FAE04EC0-301F-11D3-BF4B-00C04F79EFBC}") = "Retrospective.Clients.WPF", "Retrospective.Clients.WPF\Retrospective.Clients.WPF.csproj", "{14807EB6-1553-4248-B88E-09A835E09C16}"
EndProject
Project("{9A19103F-16F7-4668-BE54-9A1E7A4F7556}") = "_build", "..\build\_build.csproj", "{7B1ED17C-4C89-4B65-8D03-B063301FC492}"
EndProject
Project("{2150E333-8FDC-42A3-9474-1A3956D46DE8}") = "Packaging", "Packaging", "{EEFBC12F-9863-4943-8F37-C9A9D7096463}"
EndProject
Project("{C7167F0D-BC9F-4E6E-AFE1-012C56B48DB5}") = "Retrospective.Client.Packaging", "Retrospective.Client.Packaging\Retrospective.Client.Packaging.wapproj", "{A7731A84-EF1D-46E9-8A00-52B2F13739CB}"
EndProject
Global
	GlobalSection(SolutionConfigurationPlatforms) = preSolution
		Debug|Any CPU = Debug|Any CPU
		Debug|ARM = Debug|ARM
		Debug|ARM64 = Debug|ARM64
		Debug|x64 = Debug|x64
		Debug|x86 = Debug|x86
		Release|Any CPU = Release|Any CPU
		Release|ARM = Release|ARM
		Release|ARM64 = Release|ARM64
		Release|x64 = Release|x64
		Release|x86 = Release|x86
	EndGlobalSection
	GlobalSection(ProjectConfigurationPlatforms) = postSolution
		{1B9C9F86-50CD-4BD6-92EB-E75DA066B793}.Debug|Any CPU.ActiveCfg = Debug|Any CPU
		{1B9C9F86-50CD-4BD6-92EB-E75DA066B793}.Debug|Any CPU.Build.0 = Debug|Any CPU
		{1B9C9F86-50CD-4BD6-92EB-E75DA066B793}.Debug|ARM.ActiveCfg = Debug|Any CPU
		{1B9C9F86-50CD-4BD6-92EB-E75DA066B793}.Debug|ARM.Build.0 = Debug|Any CPU
		{1B9C9F86-50CD-4BD6-92EB-E75DA066B793}.Debug|ARM64.ActiveCfg = Debug|Any CPU
		{1B9C9F86-50CD-4BD6-92EB-E75DA066B793}.Debug|ARM64.Build.0 = Debug|Any CPU
		{1B9C9F86-50CD-4BD6-92EB-E75DA066B793}.Debug|x64.ActiveCfg = Debug|Any CPU
		{1B9C9F86-50CD-4BD6-92EB-E75DA066B793}.Debug|x64.Build.0 = Debug|Any CPU
		{1B9C9F86-50CD-4BD6-92EB-E75DA066B793}.Debug|x86.ActiveCfg = Debug|Any CPU
		{1B9C9F86-50CD-4BD6-92EB-E75DA066B793}.Debug|x86.Build.0 = Debug|Any CPU
		{1B9C9F86-50CD-4BD6-92EB-E75DA066B793}.Release|Any CPU.ActiveCfg = Release|Any CPU
		{1B9C9F86-50CD-4BD6-92EB-E75DA066B793}.Release|Any CPU.Build.0 = Release|Any CPU
		{1B9C9F86-50CD-4BD6-92EB-E75DA066B793}.Release|ARM.ActiveCfg = Release|Any CPU
		{1B9C9F86-50CD-4BD6-92EB-E75DA066B793}.Release|ARM.Build.0 = Release|Any CPU
		{1B9C9F86-50CD-4BD6-92EB-E75DA066B793}.Release|ARM64.ActiveCfg = Release|Any CPU
		{1B9C9F86-50CD-4BD6-92EB-E75DA066B793}.Release|ARM64.Build.0 = Release|Any CPU
		{1B9C9F86-50CD-4BD6-92EB-E75DA066B793}.Release|x64.ActiveCfg = Release|Any CPU
		{1B9C9F86-50CD-4BD6-92EB-E75DA066B793}.Release|x64.Build.0 = Release|Any CPU
		{1B9C9F86-50CD-4BD6-92EB-E75DA066B793}.Release|x86.ActiveCfg = Release|Any CPU
		{1B9C9F86-50CD-4BD6-92EB-E75DA066B793}.Release|x86.Build.0 = Release|Any CPU
		{82315CEA-00A1-491D-92AC-0B3A6E82A4DC}.Debug|Any CPU.ActiveCfg = Debug|Any CPU
		{82315CEA-00A1-491D-92AC-0B3A6E82A4DC}.Debug|Any CPU.Build.0 = Debug|Any CPU
		{82315CEA-00A1-491D-92AC-0B3A6E82A4DC}.Debug|ARM.ActiveCfg = Debug|Any CPU
		{82315CEA-00A1-491D-92AC-0B3A6E82A4DC}.Debug|ARM.Build.0 = Debug|Any CPU
		{82315CEA-00A1-491D-92AC-0B3A6E82A4DC}.Debug|ARM64.ActiveCfg = Debug|Any CPU
		{82315CEA-00A1-491D-92AC-0B3A6E82A4DC}.Debug|ARM64.Build.0 = Debug|Any CPU
		{82315CEA-00A1-491D-92AC-0B3A6E82A4DC}.Debug|x64.ActiveCfg = Debug|Any CPU
		{82315CEA-00A1-491D-92AC-0B3A6E82A4DC}.Debug|x64.Build.0 = Debug|Any CPU
		{82315CEA-00A1-491D-92AC-0B3A6E82A4DC}.Debug|x86.ActiveCfg = Debug|Any CPU
		{82315CEA-00A1-491D-92AC-0B3A6E82A4DC}.Debug|x86.Build.0 = Debug|Any CPU
		{82315CEA-00A1-491D-92AC-0B3A6E82A4DC}.Release|Any CPU.ActiveCfg = Release|Any CPU
		{82315CEA-00A1-491D-92AC-0B3A6E82A4DC}.Release|Any CPU.Build.0 = Release|Any CPU
		{82315CEA-00A1-491D-92AC-0B3A6E82A4DC}.Release|ARM.ActiveCfg = Release|Any CPU
		{82315CEA-00A1-491D-92AC-0B3A6E82A4DC}.Release|ARM.Build.0 = Release|Any CPU
		{82315CEA-00A1-491D-92AC-0B3A6E82A4DC}.Release|ARM64.ActiveCfg = Release|Any CPU
		{82315CEA-00A1-491D-92AC-0B3A6E82A4DC}.Release|ARM64.Build.0 = Release|Any CPU
		{82315CEA-00A1-491D-92AC-0B3A6E82A4DC}.Release|x64.ActiveCfg = Release|Any CPU
		{82315CEA-00A1-491D-92AC-0B3A6E82A4DC}.Release|x64.Build.0 = Release|Any CPU
		{82315CEA-00A1-491D-92AC-0B3A6E82A4DC}.Release|x86.ActiveCfg = Release|Any CPU
		{82315CEA-00A1-491D-92AC-0B3A6E82A4DC}.Release|x86.Build.0 = Release|Any CPU
		{14807EB6-1553-4248-B88E-09A835E09C16}.Debug|Any CPU.ActiveCfg = Debug|Any CPU
		{14807EB6-1553-4248-B88E-09A835E09C16}.Debug|Any CPU.Build.0 = Debug|Any CPU
		{14807EB6-1553-4248-B88E-09A835E09C16}.Debug|ARM.ActiveCfg = Debug|Any CPU
		{14807EB6-1553-4248-B88E-09A835E09C16}.Debug|ARM.Build.0 = Debug|Any CPU
		{14807EB6-1553-4248-B88E-09A835E09C16}.Debug|ARM64.ActiveCfg = Debug|Any CPU
		{14807EB6-1553-4248-B88E-09A835E09C16}.Debug|ARM64.Build.0 = Debug|Any CPU
		{14807EB6-1553-4248-B88E-09A835E09C16}.Debug|x64.ActiveCfg = Debug|Any CPU
		{14807EB6-1553-4248-B88E-09A835E09C16}.Debug|x64.Build.0 = Debug|Any CPU
		{14807EB6-1553-4248-B88E-09A835E09C16}.Debug|x86.ActiveCfg = Debug|Any CPU
		{14807EB6-1553-4248-B88E-09A835E09C16}.Debug|x86.Build.0 = Debug|Any CPU
		{14807EB6-1553-4248-B88E-09A835E09C16}.Release|Any CPU.ActiveCfg = Release|Any CPU
		{14807EB6-1553-4248-B88E-09A835E09C16}.Release|Any CPU.Build.0 = Release|Any CPU
		{14807EB6-1553-4248-B88E-09A835E09C16}.Release|ARM.ActiveCfg = Release|Any CPU
		{14807EB6-1553-4248-B88E-09A835E09C16}.Release|ARM.Build.0 = Release|Any CPU
		{14807EB6-1553-4248-B88E-09A835E09C16}.Release|ARM64.ActiveCfg = Release|Any CPU
		{14807EB6-1553-4248-B88E-09A835E09C16}.Release|ARM64.Build.0 = Release|Any CPU
		{14807EB6-1553-4248-B88E-09A835E09C16}.Release|x64.ActiveCfg = Release|Any CPU
		{14807EB6-1553-4248-B88E-09A835E09C16}.Release|x64.Build.0 = Release|Any CPU
		{14807EB6-1553-4248-B88E-09A835E09C16}.Release|x86.ActiveCfg = Release|Any CPU
		{14807EB6-1553-4248-B88E-09A835E09C16}.Release|x86.Build.0 = Release|Any CPU
		{7B1ED17C-4C89-4B65-8D03-B063301FC492}.Debug|Any CPU.ActiveCfg = Debug|Any CPU
		{7B1ED17C-4C89-4B65-8D03-B063301FC492}.Debug|ARM.ActiveCfg = Debug|Any CPU
		{7B1ED17C-4C89-4B65-8D03-B063301FC492}.Debug|ARM.Build.0 = Debug|Any CPU
		{7B1ED17C-4C89-4B65-8D03-B063301FC492}.Debug|ARM64.ActiveCfg = Debug|Any CPU
		{7B1ED17C-4C89-4B65-8D03-B063301FC492}.Debug|ARM64.Build.0 = Debug|Any CPU
		{7B1ED17C-4C89-4B65-8D03-B063301FC492}.Debug|x64.ActiveCfg = Debug|Any CPU
		{7B1ED17C-4C89-4B65-8D03-B063301FC492}.Debug|x64.Build.0 = Debug|Any CPU
		{7B1ED17C-4C89-4B65-8D03-B063301FC492}.Debug|x86.ActiveCfg = Debug|Any CPU
		{7B1ED17C-4C89-4B65-8D03-B063301FC492}.Debug|x86.Build.0 = Debug|Any CPU
		{7B1ED17C-4C89-4B65-8D03-B063301FC492}.Release|Any CPU.ActiveCfg = Release|Any CPU
		{7B1ED17C-4C89-4B65-8D03-B063301FC492}.Release|ARM.ActiveCfg = Release|Any CPU
		{7B1ED17C-4C89-4B65-8D03-B063301FC492}.Release|ARM.Build.0 = Release|Any CPU
		{7B1ED17C-4C89-4B65-8D03-B063301FC492}.Release|ARM64.ActiveCfg = Release|Any CPU
		{7B1ED17C-4C89-4B65-8D03-B063301FC492}.Release|ARM64.Build.0 = Release|Any CPU
		{7B1ED17C-4C89-4B65-8D03-B063301FC492}.Release|x64.ActiveCfg = Release|Any CPU
		{7B1ED17C-4C89-4B65-8D03-B063301FC492}.Release|x64.Build.0 = Release|Any CPU
		{7B1ED17C-4C89-4B65-8D03-B063301FC492}.Release|x86.ActiveCfg = Release|Any CPU
		{7B1ED17C-4C89-4B65-8D03-B063301FC492}.Release|x86.Build.0 = Release|Any CPU
		{A7731A84-EF1D-46E9-8A00-52B2F13739CB}.Debug|Any CPU.ActiveCfg = Debug|Any CPU
		{A7731A84-EF1D-46E9-8A00-52B2F13739CB}.Debug|Any CPU.Build.0 = Debug|Any CPU
		{A7731A84-EF1D-46E9-8A00-52B2F13739CB}.Debug|Any CPU.Deploy.0 = Debug|Any CPU
		{A7731A84-EF1D-46E9-8A00-52B2F13739CB}.Debug|ARM.ActiveCfg = Debug|ARM
		{A7731A84-EF1D-46E9-8A00-52B2F13739CB}.Debug|ARM.Build.0 = Debug|ARM
		{A7731A84-EF1D-46E9-8A00-52B2F13739CB}.Debug|ARM.Deploy.0 = Debug|ARM
		{A7731A84-EF1D-46E9-8A00-52B2F13739CB}.Debug|ARM64.ActiveCfg = Debug|ARM64
		{A7731A84-EF1D-46E9-8A00-52B2F13739CB}.Debug|ARM64.Build.0 = Debug|ARM64
		{A7731A84-EF1D-46E9-8A00-52B2F13739CB}.Debug|ARM64.Deploy.0 = Debug|ARM64
		{A7731A84-EF1D-46E9-8A00-52B2F13739CB}.Debug|x64.ActiveCfg = Debug|x64
		{A7731A84-EF1D-46E9-8A00-52B2F13739CB}.Debug|x64.Build.0 = Debug|x64
		{A7731A84-EF1D-46E9-8A00-52B2F13739CB}.Debug|x64.Deploy.0 = Debug|x64
		{A7731A84-EF1D-46E9-8A00-52B2F13739CB}.Debug|x86.ActiveCfg = Debug|x86
		{A7731A84-EF1D-46E9-8A00-52B2F13739CB}.Debug|x86.Build.0 = Debug|x86
		{A7731A84-EF1D-46E9-8A00-52B2F13739CB}.Debug|x86.Deploy.0 = Debug|x86
		{A7731A84-EF1D-46E9-8A00-52B2F13739CB}.Release|Any CPU.ActiveCfg = Release|Any CPU
		{A7731A84-EF1D-46E9-8A00-52B2F13739CB}.Release|Any CPU.Build.0 = Release|Any CPU
		{A7731A84-EF1D-46E9-8A00-52B2F13739CB}.Release|Any CPU.Deploy.0 = Release|Any CPU
		{A7731A84-EF1D-46E9-8A00-52B2F13739CB}.Release|ARM.ActiveCfg = Release|ARM
		{A7731A84-EF1D-46E9-8A00-52B2F13739CB}.Release|ARM.Build.0 = Release|ARM
		{A7731A84-EF1D-46E9-8A00-52B2F13739CB}.Release|ARM.Deploy.0 = Release|ARM
		{A7731A84-EF1D-46E9-8A00-52B2F13739CB}.Release|ARM64.ActiveCfg = Release|ARM64
		{A7731A84-EF1D-46E9-8A00-52B2F13739CB}.Release|ARM64.Build.0 = Release|ARM64
		{A7731A84-EF1D-46E9-8A00-52B2F13739CB}.Release|ARM64.Deploy.0 = Release|ARM64
		{A7731A84-EF1D-46E9-8A00-52B2F13739CB}.Release|x64.ActiveCfg = Release|x64
		{A7731A84-EF1D-46E9-8A00-52B2F13739CB}.Release|x64.Build.0 = Release|x64
		{A7731A84-EF1D-46E9-8A00-52B2F13739CB}.Release|x64.Deploy.0 = Release|x64
		{A7731A84-EF1D-46E9-8A00-52B2F13739CB}.Release|x86.ActiveCfg = Release|x86
		{A7731A84-EF1D-46E9-8A00-52B2F13739CB}.Release|x86.Build.0 = Release|x86
		{A7731A84-EF1D-46E9-8A00-52B2F13739CB}.Release|x86.Deploy.0 = Release|x86
	EndGlobalSection
	GlobalSection(SolutionProperties) = preSolution
		HideSolutionNode = FALSE
	EndGlobalSection
	GlobalSection(NestedProjects) = preSolution
		{82315CEA-00A1-491D-92AC-0B3A6E82A4DC} = {99982D33-58FA-40D3-B137-658AA96CBF7F}
		{14807EB6-1553-4248-B88E-09A835E09C16} = {920587CD-5671-41A2-8FF5-8F565436EC1C}
		{A7731A84-EF1D-46E9-8A00-52B2F13739CB} = {EEFBC12F-9863-4943-8F37-C9A9D7096463}
	EndGlobalSection
	GlobalSection(ExtensibilityGlobals) = postSolution
		SolutionGuid = {A228DD9F-EFBF-4B1C-AF69-B01303C53EF9}
	EndGlobalSection
EndGlobal
